
Microsoft Visual Studio Solution File, Format Version 12.00
# Visual Studio Version 17
VisualStudioVersion = 17.7.34221.43
MinimumVisualStudioVersion = 10.0.40219.1
Project("{FAE04EC0-301F-11D3-BF4B-00C04F79EFBC}") = "SmEticaret.Mvc", "SmEticaret.Mvc\SmEticaret.Mvc.csproj", "{EB4071D5-86EF-4483-A101-D3310F121114}"
EndProject
Global
	GlobalSection(SolutionConfigurationPlatforms) = preSolution
		Debug|Any CPU = Debug|Any CPU
		Release|Any CPU = Release|Any CPU
	EndGlobalSection
	GlobalSection(ProjectConfigurationPlatforms) = postSolution
		{EB4071D5-86EF-4483-A101-D3310F121114}.Debug|Any CPU.ActiveCfg = Debug|Any CPU
		{EB4071D5-86EF-4483-A101-D3310F121114}.Debug|Any CPU.Build.0 = Debug|Any CPU
		{EB4071D5-86EF-4483-A101-D3310F121114}.Release|Any CPU.ActiveCfg = Release|Any CPU
		{EB4071D5-86EF-4483-A101-D3310F121114}.Release|Any CPU.Build.0 = Release|Any CPU
	EndGlobalSection
	GlobalSection(SolutionProperties) = preSolution
		HideSolutionNode = FALSE
	EndGlobalSection
	GlobalSection(ExtensibilityGlobals) = postSolution
		SolutionGuid = {983B8B19-0DE4-4E16-99BD-0C0B6C76DDAB}
	EndGlobalSection
EndGlobal
